{
	"name": "FCC-Advanced-Node-and-Express",
	"version": "0.0.1",
	"lockfileVersion": 1,
	"requires": true,
	"dependencies": {
		"body-parser": {
			"version": "1.19.0",
			"requires": {
				"bytes": "3.1.0",
				"content-type": "~1.0.4",
				"debug": "2.6.9",
				"depd": "~1.1.2",
				"http-errors": "1.7.2",
				"iconv-lite": "0.4.24",
				"on-finished": "~2.3.0",
				"qs": "6.7.0",
				"raw-body": "2.4.0",
				"type-is": "~1.6.17"
			},
			"dependencies": {
				"bytes": {
					"version": "3.1.0",
					"bundled": true
				},
				"content-type": {
					"version": "1.0.4",
					"bundled": true
				},
				"debug": {
					"version": "2.6.9",
					"bundled": true,
					"requires": {
						"ms": "2.0.0"
					}
				},
				"depd": {
					"version": "1.1.2",
					"bundled": true
				},
				"ee-first": {
					"version": "1.1.1",
					"bundled": true
				},
				"http-errors": {
					"version": "1.7.2",
					"bundled": true,
					"requires": {
						"depd": "~1.1.2",
						"inherits": "2.0.3",
						"setprototypeof": "1.1.1",
						"statuses": ">= 1.5.0 < 2",
						"toidentifier": "1.0.0"
					}
				},
				"iconv-lite": {
					"version": "0.4.24",
					"bundled": true,
					"requires": {
						"safer-buffer": ">= 2.1.2 < 3"
					}
				},
				"inherits": {
					"version": "2.0.3",
					"bundled": true
				},
				"media-typer": {
					"version": "0.3.0",
					"bundled": true
				},
				"mime-db": {
					"version": "1.43.0",
					"bundled": true
				},
				"mime-types": {
					"version": "2.1.26",
					"bundled": true,
					"requires": {
						"mime-db": "1.43.0"
					}
				},
				"ms": {
					"version": "2.0.0",
					"bundled": true
				},
				"on-finished": {
					"version": "2.3.0",
					"bundled": true,
					"requires": {
						"ee-first": "1.1.1"
					}
				},
				"qs": {
					"version": "6.7.0",
					"bundled": true
				},
				"raw-body": {
					"version": "2.4.0",
					"bundled": true,
					"requires": {
						"bytes": "3.1.0",
						"http-errors": "1.7.2",
						"iconv-lite": "0.4.24",
						"unpipe": "1.0.0"
					}
				},
				"safer-buffer": {
					"version": "2.1.2",
					"bundled": true
				},
				"setprototypeof": {
					"version": "1.1.1",
					"bundled": true
				},
				"statuses": {
					"version": "1.5.0",
					"bundled": true
				},
				"toidentifier": {
					"version": "1.0.0",
					"bundled": true
				},
				"type-is": {
					"version": "1.6.18",
					"bundled": true,
					"requires": {
						"media-typer": "0.3.0",
						"mime-types": "~2.1.24"
					}
				},
				"unpipe": {
					"version": "1.0.0",
					"bundled": true
				}
			}
		},
		"connect-flash": {
			"version": "0.1.1",
			"resolved": "https://registry.npmjs.org/connect-flash/-/connect-flash-0.1.1.tgz",
			"integrity": "sha1-2GMPJtlaf4UfmVax6MxnMvO2qjA="
		},
		"cors": {
			"version": "2.8.5",
			"requires": {
				"object-assign": "^4",
				"vary": "^1"
			},
			"dependencies": {
				"object-assign": {
					"version": "4.1.1",
					"bundled": true
				},
				"vary": {
					"version": "1.1.2",
					"bundled": true
				}
			}
		},
		"express": {
			"version": "4.17.1",
			"requires": {
				"accepts": "~1.3.7",
				"array-flatten": "1.1.1",
				"body-parser": "1.19.0",
				"content-disposition": "0.5.3",
				"content-type": "~1.0.4",
				"cookie": "0.4.0",
				"cookie-signature": "1.0.6",
				"debug": "2.6.9",
				"depd": "~1.1.2",
				"encodeurl": "~1.0.2",
				"escape-html": "~1.0.3",
				"etag": "~1.8.1",
				"finalhandler": "~1.1.2",
				"fresh": "0.5.2",
				"merge-descriptors": "1.0.1",
				"methods": "~1.1.2",
				"on-finished": "~2.3.0",
				"parseurl": "~1.3.3",
				"path-to-regexp": "0.1.7",
				"proxy-addr": "~2.0.5",
				"qs": "6.7.0",
				"range-parser": "~1.2.1",
				"safe-buffer": "5.1.2",
				"send": "0.17.1",
				"serve-static": "1.14.1",
				"setprototypeof": "1.1.1",
				"statuses": "~1.5.0",
				"type-is": "~1.6.18",
				"utils-merge": "1.0.1",
				"vary": "~1.1.2"
			},
			"dependencies": {
				"accepts": {
					"version": "1.3.7",
					"bundled": true,
					"requires": {
						"mime-types": "~2.1.24",
						"negotiator": "0.6.2"
					}
				},
				"array-flatten": {
					"version": "1.1.1",
					"bundled": true
				},
				"body-parser": {
					"version": "1.19.0",
					"bundled": true,
					"requires": {
						"bytes": "3.1.0",
						"content-type": "~1.0.4",
						"debug": "2.6.9",
						"depd": "~1.1.2",
						"http-errors": "1.7.2",
						"iconv-lite": "0.4.24",
						"on-finished": "~2.3.0",
						"qs": "6.7.0",
						"raw-body": "2.4.0",
						"type-is": "~1.6.17"
					}
				},
				"bytes": {
					"version": "3.1.0",
					"bundled": true
				},
				"content-disposition": {
					"version": "0.5.3",
					"bundled": true,
					"requires": {
						"safe-buffer": "5.1.2"
					}
				},
				"content-type": {
					"version": "1.0.4",
					"bundled": true
				},
				"cookie": {
					"version": "0.4.0",
					"bundled": true
				},
				"cookie-signature": {
					"version": "1.0.6",
					"bundled": true
				},
				"debug": {
					"version": "2.6.9",
					"bundled": true,
					"requires": {
						"ms": "2.0.0"
					}
				},
				"depd": {
					"version": "1.1.2",
					"bundled": true
				},
				"destroy": {
					"version": "1.0.4",
					"bundled": true
				},
				"ee-first": {
					"version": "1.1.1",
					"bundled": true
				},
				"encodeurl": {
					"version": "1.0.2",
					"bundled": true
				},
				"escape-html": {
					"version": "1.0.3",
					"bundled": true
				},
				"etag": {
					"version": "1.8.1",
					"bundled": true
				},
				"finalhandler": {
					"version": "1.1.2",
					"bundled": true,
					"requires": {
						"debug": "2.6.9",
						"encodeurl": "~1.0.2",
						"escape-html": "~1.0.3",
						"on-finished": "~2.3.0",
						"parseurl": "~1.3.3",
						"statuses": "~1.5.0",
						"unpipe": "~1.0.0"
					}
				},
				"forwarded": {
					"version": "0.1.2",
					"bundled": true
				},
				"fresh": {
					"version": "0.5.2",
					"bundled": true
				},
				"http-errors": {
					"version": "1.7.2",
					"bundled": true,
					"requires": {
						"depd": "~1.1.2",
						"inherits": "2.0.3",
						"setprototypeof": "1.1.1",
						"statuses": ">= 1.5.0 < 2",
						"toidentifier": "1.0.0"
					}
				},
				"iconv-lite": {
					"version": "0.4.24",
					"bundled": true,
					"requires": {
						"safer-buffer": ">= 2.1.2 < 3"
					}
				},
				"inherits": {
					"version": "2.0.3",
					"bundled": true
				},
				"ipaddr.js": {
					"version": "1.9.1",
					"bundled": true
				},
				"media-typer": {
					"version": "0.3.0",
					"bundled": true
				},
				"merge-descriptors": {
					"version": "1.0.1",
					"bundled": true
				},
				"methods": {
					"version": "1.1.2",
					"bundled": true
				},
				"mime": {
					"version": "1.6.0",
					"bundled": true
				},
				"mime-db": {
					"version": "1.43.0",
					"bundled": true
				},
				"mime-types": {
					"version": "2.1.26",
					"bundled": true,
					"requires": {
						"mime-db": "1.43.0"
					}
				},
				"ms": {
					"version": "2.0.0",
					"bundled": true
				},
				"negotiator": {
					"version": "0.6.2",
					"bundled": true
				},
				"on-finished": {
					"version": "2.3.0",
					"bundled": true,
					"requires": {
						"ee-first": "1.1.1"
					}
				},
				"parseurl": {
					"version": "1.3.3",
					"bundled": true
				},
				"path-to-regexp": {
					"version": "0.1.7",
					"bundled": true
				},
				"proxy-addr": {
					"version": "2.0.6",
					"bundled": true,
					"requires": {
						"forwarded": "~0.1.2",
						"ipaddr.js": "1.9.1"
					}
				},
				"qs": {
					"version": "6.7.0",
					"bundled": true
				},
				"range-parser": {
					"version": "1.2.1",
					"bundled": true
				},
				"raw-body": {
					"version": "2.4.0",
					"bundled": true,
					"requires": {
						"bytes": "3.1.0",
						"http-errors": "1.7.2",
						"iconv-lite": "0.4.24",
						"unpipe": "1.0.0"
					}
				},
				"safe-buffer": {
					"version": "5.1.2",
					"bundled": true
				},
				"safer-buffer": {
					"version": "2.1.2",
					"bundled": true
				},
				"send": {
					"version": "0.17.1",
					"bundled": true,
					"requires": {
						"debug": "2.6.9",
						"depd": "~1.1.2",
						"destroy": "~1.0.4",
						"encodeurl": "~1.0.2",
						"escape-html": "~1.0.3",
						"etag": "~1.8.1",
						"fresh": "0.5.2",
						"http-errors": "~1.7.2",
						"mime": "1.6.0",
						"ms": "2.1.1",
						"on-finished": "~2.3.0",
						"range-parser": "~1.2.1",
						"statuses": "~1.5.0"
					},
					"dependencies": {
						"ms": {
							"version": "2.1.1",
							"bundled": true
						}
					}
				},
				"serve-static": {
					"version": "1.14.1",
					"bundled": true,
					"requires": {
						"encodeurl": "~1.0.2",
						"escape-html": "~1.0.3",
						"parseurl": "~1.3.3",
						"send": "0.17.1"
					}
				},
				"setprototypeof": {
					"version": "1.1.1",
					"bundled": true
				},
				"statuses": {
					"version": "1.5.0",
					"bundled": true
				},
				"toidentifier": {
					"version": "1.0.0",
					"bundled": true
				},
				"type-is": {
					"version": "1.6.18",
					"bundled": true,
					"requires": {
						"media-typer": "0.3.0",
						"mime-types": "~2.1.24"
					}
				},
				"unpipe": {
					"version": "1.0.0",
					"bundled": true
				},
				"utils-merge": {
					"version": "1.0.1",
					"bundled": true
				},
				"vary": {
					"version": "1.1.2",
					"bundled": true
				}
			}
		},
		"express-session": {
			"version": "1.17.0",
			"resolved": "https://registry.npmjs.org/express-session/-/express-session-1.17.0.tgz",
			"integrity": "sha512-t4oX2z7uoSqATbMfsxWMbNjAL0T5zpvcJCk3Z9wnPPN7ibddhnmDZXHfEcoBMG2ojKXZoCyPMc5FbtK+G7SoDg==",
			"requires": {
				"cookie": "0.4.0",
				"cookie-signature": "1.0.6",
				"debug": "2.6.9",
				"depd": "~2.0.0",
				"on-headers": "~1.0.2",
				"parseurl": "~1.3.3",
				"safe-buffer": "5.2.0",
				"uid-safe": "~2.1.5"
			},
			"dependencies": {
				"cookie": {
					"version": "0.4.0",
					"resolved": "https://registry.npmjs.org/cookie/-/cookie-0.4.0.tgz",
					"integrity": "sha512-+Hp8fLp57wnUSt0tY0tHEXh4voZRDnoIrZPqlo3DPiI4y9lwg/jqx+1Om94/W6ZaPDOUbnjOt/99w66zk+l1Xg=="
				},
				"cookie-signature": {
					"version": "1.0.6",
					"resolved": "https://registry.npmjs.org/cookie-signature/-/cookie-signature-1.0.6.tgz",
					"integrity": "sha1-4wOogrNCzD7oylE6eZmXNNqzriw="
				},
				"debug": {
					"version": "2.6.9",
					"resolved": "https://registry.npmjs.org/debug/-/debug-2.6.9.tgz",
					"integrity": "sha512-bC7ElrdJaJnPbAP+1EotYvqZsb3ecl5wi6Bfi6BJTUcNowp6cvspg0jXznRTKDjm/E7AdgFBVeAPVMNcKGsHMA==",
					"requires": {
						"ms": "2.0.0"
					}
				},
				"depd": {
					"version": "2.0.0",
					"resolved": "https://registry.npmjs.org/depd/-/depd-2.0.0.tgz",
					"integrity": "sha512-g7nH6P6dyDioJogAAGprGpCtVImJhpPk/roCzdb3fIh61/s/nPsfR6onyMwkCAR/OlC3yBC0lESvUoQEAssIrw=="
				},
				"ms": {
					"version": "2.0.0",
					"resolved": "https://registry.npmjs.org/ms/-/ms-2.0.0.tgz",
					"integrity": "sha1-VgiurfwAvmwpAd9fmGF4jeDVl8g="
				},
				"on-headers": {
					"version": "1.0.2",
					"resolved": "https://registry.npmjs.org/on-headers/-/on-headers-1.0.2.tgz",
					"integrity": "sha512-pZAE+FJLoyITytdqK0U5s+FIpjN0JP3OzFi/u8Rx+EV5/W+JTWGXG8xFzevE7AjBfDqHv/8vL8qQsIhHnqRkrA=="
				},
				"parseurl": {
					"version": "1.3.3",
					"resolved": "https://registry.npmjs.org/parseurl/-/parseurl-1.3.3.tgz",
					"integrity": "sha512-CiyeOxFT/JZyN5m0z9PfXw4SCBJ6Sygz1Dpl0wqjlhDEGGBP1GnsUVEL0p63hoG1fcj3fHynXi9NYO4nWOL+qQ=="
				},
				"random-bytes": {
					"version": "1.0.0",
					"resolved": "https://registry.npmjs.org/random-bytes/-/random-bytes-1.0.0.tgz",
					"integrity": "sha1-T2ih3Arli9P7lYSMMDJNt11kNgs="
				},
				"safe-buffer": {
					"version": "5.2.0",
					"resolved": "https://registry.npmjs.org/safe-buffer/-/safe-buffer-5.2.0.tgz",
					"integrity": "sha512-fZEwUGbVl7kouZs1jCdMLdt95hdIv0ZeHg6L7qPeciMZhZ+/gdesW4wgTARkrFWEpspjEATAzUGPG8N2jJiwbg=="
				},
				"uid-safe": {
					"version": "2.1.5",
					"resolved": "https://registry.npmjs.org/uid-safe/-/uid-safe-2.1.5.tgz",
					"integrity": "sha512-KPHm4VL5dDXKz01UuEd88Df+KzynaohSL9fBh096KWAxSKZQDI2uBrVqtvRM4rwrIrRRKsdLNML/lnaaVSRioA==",
					"requires": {
						"random-bytes": "~1.0.0"
					}
				}
			}
		},
		"helmet": {
			"version": "3.22.0",
			"requires": {
				"depd": "2.0.0",
				"dns-prefetch-control": "0.2.0",
				"dont-sniff-mimetype": "1.1.0",
				"expect-ct": "0.2.0",
				"feature-policy": "0.3.0",
				"frameguard": "3.1.0",
				"helmet-crossdomain": "0.4.0",
				"helmet-csp": "2.10.0",
				"hide-powered-by": "1.1.0",
				"hpkp": "2.0.0",
				"hsts": "2.2.0",
				"ienoopen": "1.1.0",
				"nocache": "2.1.0",
				"referrer-policy": "1.2.0",
				"x-xss-protection": "1.3.0"
			},
			"dependencies": {
				"bowser": {
					"version": "2.9.0",
					"bundled": true
				},
				"camelize": {
					"version": "1.0.0",
					"bundled": true
				},
				"content-security-policy-builder": {
					"version": "2.1.0",
					"bundled": true
				},
				"dasherize": {
					"version": "2.0.0",
					"bundled": true
				},
				"depd": {
					"version": "2.0.0",
					"bundled": true
				},
				"dns-prefetch-control": {
					"version": "0.2.0",
					"bundled": true
				},
				"dont-sniff-mimetype": {
					"version": "1.1.0",
					"bundled": true
				},
				"expect-ct": {
					"version": "0.2.0",
					"bundled": true
				},
				"feature-policy": {
					"version": "0.3.0",
					"bundled": true
				},
				"frameguard": {
					"version": "3.1.0",
					"bundled": true
				},
				"helmet-crossdomain": {
					"version": "0.4.0",
					"bundled": true
				},
				"helmet-csp": {
					"version": "2.10.0",
					"bundled": true,
					"requires": {
						"bowser": "2.9.0",
						"camelize": "1.0.0",
						"content-security-policy-builder": "2.1.0",
						"dasherize": "2.0.0"
					}
				},
				"hide-powered-by": {
					"version": "1.1.0",
					"bundled": true
				},
				"hpkp": {
					"version": "2.0.0",
					"bundled": true
				},
				"hsts": {
					"version": "2.2.0",
					"bundled": true,
					"requires": {
						"depd": "2.0.0"
					}
				},
				"ienoopen": {
					"version": "1.1.0",
					"bundled": true
				},
				"nocache": {
					"version": "2.1.0",
					"bundled": true
				},
				"referrer-policy": {
					"version": "1.2.0",
					"bundled": true
				},
				"x-xss-protection": {
					"version": "1.3.0",
					"bundled": true
				}
			}
		},
		"mongodb": {
			"version": "2.2.36",
			"requires": {
				"es6-promise": "3.2.1",
				"mongodb-core": "2.1.20",
				"readable-stream": "2.2.7"
			},
			"dependencies": {
				"bson": {
					"version": "1.0.9",
					"bundled": true
				},
				"buffer-shims": {
					"version": "1.0.0",
					"bundled": true
				},
				"core-util-is": {
					"version": "1.0.2",
					"bundled": true
				},
				"es6-promise": {
					"version": "3.2.1",
					"bundled": true
				},
				"inherits": {
					"version": "2.0.4",
					"bundled": true
				},
				"isarray": {
					"version": "1.0.0",
					"bundled": true
				},
				"mongodb-core": {
					"version": "2.1.20",
					"bundled": true,
					"requires": {
						"bson": "~1.0.4",
						"require_optional": "~1.0.0"
					}
				},
				"process-nextick-args": {
					"version": "1.0.7",
					"bundled": true
				},
				"readable-stream": {
					"version": "2.2.7",
					"bundled": true,
					"requires": {
						"buffer-shims": "~1.0.0",
						"core-util-is": "~1.0.0",
						"inherits": "~2.0.1",
						"isarray": "~1.0.0",
						"process-nextick-args": "~1.0.6",
						"string_decoder": "~1.0.0",
						"util-deprecate": "~1.0.1"
					}
				},
				"require_optional": {
					"version": "1.0.1",
					"bundled": true,
					"requires": {
						"resolve-from": "^2.0.0",
						"semver": "^5.1.0"
					}
				},
				"resolve-from": {
					"version": "2.0.0",
					"bundled": true
				},
				"safe-buffer": {
					"version": "5.1.2",
					"bundled": true
				},
				"semver": {
					"version": "5.7.1",
					"bundled": true
				},
				"string_decoder": {
					"version": "1.0.3",
					"bundled": true,
					"requires": {
						"safe-buffer": "~5.1.0"
					}
				},
				"util-deprecate": {
					"version": "1.0.2",
					"bundled": true
				}
			}
		},
		"mongoose": {
			"version": "5.9.9",
			"resolved": "https://registry.npmjs.org/mongoose/-/mongoose-5.9.9.tgz",
			"integrity": "sha512-pLkIkM7XQwfbQ+xK1l57Zv0DYPH190/I6Cv5+PbJGfAU0HvX0atMlp+vly8zcjNTEvTkVM80qA5eBYBvZyLYXw==",
			"requires": {
				"bson": "~1.1.1",
				"kareem": "2.3.1",
				"mongodb": "3.5.5",
				"mongoose-legacy-pluralize": "1.0.2",
				"mpath": "0.7.0",
				"mquery": "3.2.2",
				"ms": "2.1.2",
				"regexp-clone": "1.0.0",
				"safe-buffer": "5.1.2",
				"sift": "7.0.1",
				"sliced": "1.0.1"
			},
			"dependencies": {
				"bl": {
					"version": "2.2.0",
					"resolved": "https://registry.npmjs.org/bl/-/bl-2.2.0.tgz",
					"integrity": "sha512-wbgvOpqopSr7uq6fJrLH8EsvYMJf9gzfo2jCsL2eTy75qXPukA4pCgHamOQkZtY5vmfVtjB+P3LNlMHW5CEZXA==",
					"requires": {
						"readable-stream": "^2.3.5",
						"safe-buffer": "^5.1.1"
					}
				},
				"bluebird": {
					"version": "3.5.1",
					"resolved": "https://registry.npmjs.org/bluebird/-/bluebird-3.5.1.tgz",
					"integrity": "sha512-MKiLiV+I1AA596t9w1sQJ8jkiSr5+ZKi0WKrYGUn6d1Fx+Ij4tIj+m2WMQSGczs5jZVxV339chE8iwk6F64wjA=="
				},
				"bson": {
					"version": "1.1.4",
					"resolved": "https://registry.npmjs.org/bson/-/bson-1.1.4.tgz",
					"integrity": "sha512-S/yKGU1syOMzO86+dGpg2qGoDL0zvzcb262G+gqEy6TgP6rt6z6qxSFX/8X6vLC91P7G7C3nLs0+bvDzmvBA3Q=="
				},
				"core-util-is": {
					"version": "1.0.2",
					"resolved": "https://registry.npmjs.org/core-util-is/-/core-util-is-1.0.2.tgz",
					"integrity": "sha1-tf1UIgqivFq1eqtxQMlAdUUDwac="
				},
				"debug": {
					"version": "3.1.0",
					"resolved": "https://registry.npmjs.org/debug/-/debug-3.1.0.tgz",
					"integrity": "sha512-OX8XqP7/1a9cqkxYw2yXss15f26NKWBpDXQd0/uK/KPqdQhxbPa994hnzjcE2VqQpDslf55723cKPUOGSmMY3g==",
					"requires": {
						"ms": "2.0.0"
					},
					"dependencies": {
						"ms": {
							"version": "2.0.0",
							"resolved": "https://registry.npmjs.org/ms/-/ms-2.0.0.tgz",
							"integrity": "sha1-VgiurfwAvmwpAd9fmGF4jeDVl8g="
						}
					}
				},
				"denque": {
					"version": "1.4.1",
					"resolved": "https://registry.npmjs.org/denque/-/denque-1.4.1.tgz",
					"integrity": "sha512-OfzPuSZKGcgr96rf1oODnfjqBFmr1DVoc/TrItj3Ohe0Ah1C5WX5Baquw/9U9KovnQ88EqmJbD66rKYUQYN1tQ=="
				},
				"inherits": {
					"version": "2.0.4",
					"resolved": "https://registry.npmjs.org/inherits/-/inherits-2.0.4.tgz",
					"integrity": "sha512-k/vGaX4/Yla3WzyMCvTQOXYeIHvqOKtnqBduzTHpzpQZzAskKMhZ2K+EnBiSM9zGSoIFeMpXKxa4dYeZIQqewQ=="
				},
				"isarray": {
					"version": "1.0.0",
					"resolved": "https://registry.npmjs.org/isarray/-/isarray-1.0.0.tgz",
					"integrity": "sha1-u5NdSFgsuhaMBoNJV6VKPgcSTxE="
				},
				"kareem": {
					"version": "2.3.1",
					"resolved": "https://registry.npmjs.org/kareem/-/kareem-2.3.1.tgz",
					"integrity": "sha512-l3hLhffs9zqoDe8zjmb/mAN4B8VT3L56EUvKNqLFVs9YlFA+zx7ke1DO8STAdDyYNkeSo1nKmjuvQeI12So8Xw=="
				},
				"memory-pager": {
					"version": "1.5.0",
					"resolved": "https://registry.npmjs.org/memory-pager/-/memory-pager-1.5.0.tgz",
					"integrity": "sha512-ZS4Bp4r/Zoeq6+NLJpP+0Zzm0pR8whtGPf1XExKLJBAczGMnSi3It14OiNCStjQjM6NU1okjQGSxgEZN8eBYKg==",
					"optional": true
				},
				"mongodb": {
					"version": "3.5.5",
					"resolved": "https://registry.npmjs.org/mongodb/-/mongodb-3.5.5.tgz",
					"integrity": "sha512-GCjDxR3UOltDq00Zcpzql6dQo1sVry60OXJY3TDmFc2SWFY6c8Gn1Ardidc5jDirvJrx2GC3knGOImKphbSL3A==",
					"requires": {
						"bl": "^2.2.0",
						"bson": "^1.1.1",
						"denque": "^1.4.1",
						"require_optional": "^1.0.1",
						"safe-buffer": "^5.1.2",
						"saslprep": "^1.0.0"
					}
				},
				"mongoose-legacy-pluralize": {
					"version": "1.0.2",
					"resolved": "https://registry.npmjs.org/mongoose-legacy-pluralize/-/mongoose-legacy-pluralize-1.0.2.tgz",
					"integrity": "sha512-Yo/7qQU4/EyIS8YDFSeenIvXxZN+ld7YdV9LqFVQJzTLye8unujAWPZ4NWKfFA+RNjh+wvTWKY9Z3E5XM6ZZiQ=="
				},
				"mpath": {
					"version": "0.7.0",
					"resolved": "https://registry.npmjs.org/mpath/-/mpath-0.7.0.tgz",
					"integrity": "sha512-Aiq04hILxhz1L+f7sjGyn7IxYzWm1zLNNXcfhDtx04kZ2Gk7uvFdgZ8ts1cWa/6d0TQmag2yR8zSGZUmp0tFNg=="
				},
				"mquery": {
					"version": "3.2.2",
					"resolved": "https://registry.npmjs.org/mquery/-/mquery-3.2.2.tgz",
					"integrity": "sha512-XB52992COp0KP230I3qloVUbkLUxJIu328HBP2t2EsxSFtf4W1HPSOBWOXf1bqxK4Xbb66lfMJ+Bpfd9/yZE1Q==",
					"requires": {
						"bluebird": "3.5.1",
						"debug": "3.1.0",
						"regexp-clone": "^1.0.0",
						"safe-buffer": "5.1.2",
						"sliced": "1.0.1"
					}
				},
				"ms": {
					"version": "2.1.2",
					"resolved": "https://registry.npmjs.org/ms/-/ms-2.1.2.tgz",
					"integrity": "sha512-sGkPx+VjMtmA6MX27oA4FBFELFCZZ4S4XqeGOXCv68tT+jb3vk/RyaKWP0PTKyWtmLSM0b+adUTEvbs1PEaH2w=="
				},
				"process-nextick-args": {
					"version": "2.0.1",
					"resolved": "https://registry.npmjs.org/process-nextick-args/-/process-nextick-args-2.0.1.tgz",
					"integrity": "sha512-3ouUOpQhtgrbOa17J7+uxOTpITYWaGP7/AhoR3+A+/1e9skrzelGi/dXzEYyvbxubEF6Wn2ypscTKiKJFFn1ag=="
				},
				"readable-stream": {
					"version": "2.3.7",
					"resolved": "https://registry.npmjs.org/readable-stream/-/readable-stream-2.3.7.tgz",
					"integrity": "sha512-Ebho8K4jIbHAxnuxi7o42OrZgF/ZTNcsZj6nRKyUmkhLFq8CHItp/fy6hQZuZmP/n3yZ9VBUbp4zz/mX8hmYPw==",
					"requires": {
						"core-util-is": "~1.0.0",
						"inherits": "~2.0.3",
						"isarray": "~1.0.0",
						"process-nextick-args": "~2.0.0",
						"safe-buffer": "~5.1.1",
						"string_decoder": "~1.1.1",
						"util-deprecate": "~1.0.1"
					}
				},
				"regexp-clone": {
					"version": "1.0.0",
					"resolved": "https://registry.npmjs.org/regexp-clone/-/regexp-clone-1.0.0.tgz",
					"integrity": "sha512-TuAasHQNamyyJ2hb97IuBEif4qBHGjPHBS64sZwytpLEqtBQ1gPJTnOaQ6qmpET16cK14kkjbazl6+p0RRv0yw=="
				},
				"require_optional": {
					"version": "1.0.1",
					"resolved": "https://registry.npmjs.org/require_optional/-/require_optional-1.0.1.tgz",
					"integrity": "sha512-qhM/y57enGWHAe3v/NcwML6a3/vfESLe/sGM2dII+gEO0BpKRUkWZow/tyloNqJyN6kXSl3RyyM8Ll5D/sJP8g==",
					"requires": {
						"resolve-from": "^2.0.0",
						"semver": "^5.1.0"
					}
				},
				"resolve-from": {
					"version": "2.0.0",
					"resolved": "https://registry.npmjs.org/resolve-from/-/resolve-from-2.0.0.tgz",
					"integrity": "sha1-lICrIOlP+h2egKgEx+oUdhGWa1c="
				},
				"safe-buffer": {
					"version": "5.1.2",
					"resolved": "https://registry.npmjs.org/safe-buffer/-/safe-buffer-5.1.2.tgz",
					"integrity": "sha512-Gd2UZBJDkXlY7GbJxfsE8/nvKkUEU1G38c1siN6QP6a9PT9MmHB8GnpscSmMJSoF8LOIrt8ud/wPtojys4G6+g=="
				},
				"saslprep": {
					"version": "1.0.3",
					"resolved": "https://registry.npmjs.org/saslprep/-/saslprep-1.0.3.tgz",
					"integrity": "sha512-/MY/PEMbk2SuY5sScONwhUDsV2p77Znkb/q3nSVstq/yQzYJOH/Azh29p9oJLsl3LnQwSvZDKagDGBsBwSooag==",
					"optional": true,
					"requires": {
						"sparse-bitfield": "^3.0.3"
					}
				},
				"semver": {
					"version": "5.7.1",
					"resolved": "https://registry.npmjs.org/semver/-/semver-5.7.1.tgz",
					"integrity": "sha512-sauaDf/PZdVgrLTNYHRtpXa1iRiKcaebiKQ1BJdpQlWH2lCvexQdX55snPFyK7QzpudqbCI0qXFfOasHdyNDGQ=="
				},
				"sift": {
					"version": "7.0.1",
					"resolved": "https://registry.npmjs.org/sift/-/sift-7.0.1.tgz",
					"integrity": "sha512-oqD7PMJ+uO6jV9EQCl0LrRw1OwsiPsiFQR5AR30heR+4Dl7jBBbDLnNvWiak20tzZlSE1H7RB30SX/1j/YYT7g=="
				},
				"sliced": {
					"version": "1.0.1",
					"resolved": "https://registry.npmjs.org/sliced/-/sliced-1.0.1.tgz",
					"integrity": "sha1-CzpmK10Ewxd7GSa+qCsD+Dei70E="
				},
				"sparse-bitfield": {
					"version": "3.0.3",
					"resolved": "https://registry.npmjs.org/sparse-bitfield/-/sparse-bitfield-3.0.3.tgz",
					"integrity": "sha1-/0rm5oZWBWuks+eSqzM004JzyhE=",
					"optional": true,
					"requires": {
						"memory-pager": "^1.0.2"
					}
				},
				"string_decoder": {
					"version": "1.1.1",
					"resolved": "https://registry.npmjs.org/string_decoder/-/string_decoder-1.1.1.tgz",
					"integrity": "sha512-n/ShnvDi6FHbbVfviro+WojiFzv+s8MPMHBczVePfUpDJLwoLT0ht1l4YwBCbi8pJAveEEdnkHyPyTP/mzRfwg==",
					"requires": {
						"safe-buffer": "~5.1.0"
					}
				},
				"util-deprecate": {
					"version": "1.0.2",
					"resolved": "https://registry.npmjs.org/util-deprecate/-/util-deprecate-1.0.2.tgz",
					"integrity": "sha1-RQ1Nyfpw3nMnYvvS1KKJgUGaDM8="
				}
			}
		},
		"passport": {
			"version": "0.3.2",
			"resolved": "https://registry.npmjs.org/passport/-/passport-0.3.2.tgz",
			"integrity": "sha1-ndAJ+RXo/glbASSgG4+C2gdRAQI=",
			"requires": {
				"passport-strategy": "1.x.x",
				"pause": "0.0.1"
			}
		},
		"passport-local": {
			"version": "1.0.0",
			"resolved": "https://registry.npmjs.org/passport-local/-/passport-local-1.0.0.tgz",
			"integrity": "sha1-H+YyaMkudWBmJkN+O5BmYsFbpu4=",
			"requires": {
				"passport-strategy": "1.x.x"
			},
			"dependencies": {
				"passport-strategy": {
					"version": "1.0.0",
					"resolved": "https://registry.npmjs.org/passport-strategy/-/passport-strategy-1.0.0.tgz",
					"integrity": "sha1-tVOaqPwiWj0a0XlHbd8ja0QPUuQ="
				}
			}
		},
		"passport-strategy": {
			"version": "1.0.0",
			"resolved": "https://registry.npmjs.org/passport-strategy/-/passport-strategy-1.0.0.tgz",
			"integrity": "sha1-tVOaqPwiWj0a0XlHbd8ja0QPUuQ="
		},
		"pause": {
			"version": "0.0.1",
			"resolved": "https://registry.npmjs.org/pause/-/pause-0.0.1.tgz",
			"integrity": "sha1-HUCLP9t2kjuVQ9lvtMnf1TXZy10="
		},
		"pug": {
			"version": "0.1.0",
			"requires": {
				"pug-code-gen": "0.0.0",
				"pug-filters": "1.1.0",
				"pug-lexer": "0.0.0",
				"pug-linker": "0.0.0",
				"pug-loader": "0.0.0",
				"pug-parser": "0.0.0",
				"pug-runtime": "0.0.0",
				"pug-strip-comments": "0.0.1"
			},
			"dependencies": {
				"@types/babel-types": {
					"version": "7.0.7",
					"bundled": true
				},
				"@types/babylon": {
					"version": "6.16.5",
					"bundled": true,
					"requires": {
						"@types/babel-types": "*"
					}
				},
				"acorn": {
					"version": "3.3.0",
					"bundled": true
				},
				"acorn-globals": {
					"version": "3.1.0",
					"bundled": true,
					"requires": {
						"acorn": "^4.0.4"
					},
					"dependencies": {
						"acorn": {
							"version": "4.0.13",
							"bundled": true
						}
					}
				},
				"align-text": {
					"version": "0.1.4",
					"bundled": true,
					"requires": {
						"kind-of": "^3.0.2",
						"longest": "^1.0.1",
						"repeat-string": "^1.5.2"
					}
				},
				"amdefine": {
					"version": "1.0.1",
					"bundled": true
				},
				"asap": {
					"version": "2.0.6",
					"bundled": true
				},
				"babel-runtime": {
					"version": "6.26.0",
					"bundled": true,
					"requires": {
						"core-js": "^2.4.0",
						"regenerator-runtime": "^0.11.0"
					}
				},
				"babel-types": {
					"version": "6.26.0",
					"bundled": true,
					"requires": {
						"babel-runtime": "^6.26.0",
						"esutils": "^2.0.2",
						"lodash": "^4.17.4",
						"to-fast-properties": "^1.0.3"
					}
				},
				"babylon": {
					"version": "6.18.0",
					"bundled": true
				},
				"camelcase": {
					"version": "1.2.1",
					"bundled": true
				},
				"center-align": {
					"version": "0.1.3",
					"bundled": true,
					"requires": {
						"align-text": "^0.1.3",
						"lazy-cache": "^1.0.3"
					}
				},
				"character-parser": {
					"version": "2.2.0",
					"bundled": true,
					"requires": {
						"is-regex": "^1.0.3"
					}
				},
				"clean-css": {
					"version": "3.4.28",
					"bundled": true,
					"requires": {
						"commander": "2.8.x",
						"source-map": "0.4.x"
					}
				},
				"cliui": {
					"version": "2.1.0",
					"bundled": true,
					"requires": {
						"center-align": "^0.1.1",
						"right-align": "^0.1.1",
						"wordwrap": "0.0.2"
					}
				},
				"commander": {
					"version": "2.8.1",
					"bundled": true,
					"requires": {
						"graceful-readlink": ">= 1.0.0"
					}
				},
				"constantinople": {
					"version": "3.1.2",
					"bundled": true,
					"requires": {
						"@types/babel-types": "^7.0.0",
						"@types/babylon": "^6.16.2",
						"babel-types": "^6.26.0",
						"babylon": "^6.18.0"
					}
				},
				"core-js": {
					"version": "2.6.11",
					"bundled": true
				},
				"decamelize": {
					"version": "1.2.0",
					"bundled": true
				},
				"doctypes": {
					"version": "1.1.0",
					"bundled": true
				},
				"esutils": {
					"version": "2.0.3",
					"bundled": true
				},
				"function-bind": {
					"version": "1.1.1",
					"bundled": true
				},
				"graceful-readlink": {
					"version": "1.0.1",
					"bundled": true
				},
				"has": {
					"version": "1.0.3",
					"bundled": true,
					"requires": {
						"function-bind": "^1.1.1"
					}
				},
				"is-buffer": {
					"version": "1.1.6",
					"bundled": true
				},
				"is-expression": {
					"version": "1.0.2",
					"bundled": true,
					"requires": {
						"acorn": "~2.7.0",
						"object-assign": "^4.0.1"
					},
					"dependencies": {
						"acorn": {
							"version": "2.7.0",
							"bundled": true
						}
					}
				},
				"is-promise": {
					"version": "2.1.0",
					"bundled": true
				},
				"is-regex": {
					"version": "1.0.5",
					"bundled": true,
					"requires": {
						"has": "^1.0.3"
					}
				},
				"js-stringify": {
					"version": "1.0.2",
					"bundled": true
				},
				"jstransformer": {
					"version": "0.0.3",
					"bundled": true,
					"requires": {
						"is-promise": "^2.0.0",
						"promise": "^7.0.1"
					}
				},
				"kind-of": {
					"version": "3.2.2",
					"bundled": true,
					"requires": {
						"is-buffer": "^1.1.5"
					}
				},
				"lazy-cache": {
					"version": "1.0.4",
					"bundled": true
				},
				"lodash": {
					"version": "4.17.15",
					"bundled": true
				},
				"longest": {
					"version": "1.0.1",
					"bundled": true
				},
				"object-assign": {
					"version": "4.1.1",
					"bundled": true
				},
				"path-parse": {
					"version": "1.0.6",
					"bundled": true
				},
				"promise": {
					"version": "7.3.1",
					"bundled": true,
					"requires": {
						"asap": "~2.0.3"
					}
				},
				"pug-attrs": {
					"version": "0.0.0",
					"bundled": true,
					"requires": {
						"constantinople": "^3.0.1",
						"js-stringify": "^1.0.1",
						"pug-runtime": "^0.0.0"
					}
				},
				"pug-code-gen": {
					"version": "0.0.0",
					"bundled": true,
					"requires": {
						"constantinople": "^3.0.1",
						"doctypes": "^1.0.0",
						"js-stringify": "^1.0.1",
						"pug-attrs": "^0.0.0",
						"pug-runtime": "^0.0.0",
						"void-elements": "^2.0.1",
						"with": "^5.0.0"
					}
				},
				"pug-error": {
					"version": "0.0.0",
					"bundled": true
				},
				"pug-filters": {
					"version": "1.1.0",
					"bundled": true,
					"requires": {
						"clean-css": "^3.3.0",
						"constantinople": "^3.0.1",
						"jstransformer": "0.0.3",
						"pug-error": "^0.0.0",
						"pug-walk": "^0.0.0",
						"resolve": "^1.1.6",
						"uglify-js": "^2.6.1"
					}
				},
				"pug-lexer": {
					"version": "0.0.0",
					"bundled": true,
					"requires": {
						"character-parser": "^2.1.1",
						"is-expression": "^1.0.0",
						"pug-error": "^0.0.0"
					}
				},
				"pug-linker": {
					"version": "0.0.0",
					"bundled": true,
					"requires": {
						"pug-error": "^0.0.0",
						"pug-walk": "^0.0.0"
					}
				},
				"pug-loader": {
					"version": "0.0.0",
					"bundled": true,
					"requires": {
						"pug-walk": "0.0.0"
					}
				},
				"pug-parser": {
					"version": "0.0.0",
					"bundled": true,
					"requires": {
						"pug-error": "^0.0.0",
						"token-stream": "0.0.1"
					}
				},
				"pug-runtime": {
					"version": "0.0.0",
					"bundled": true
				},
				"pug-strip-comments": {
					"version": "0.0.1",
					"bundled": true,
					"requires": {
						"pug-error": "^0.0.0"
					}
				},
				"pug-walk": {
					"version": "0.0.0",
					"bundled": true
				},
				"regenerator-runtime": {
					"version": "0.11.1",
					"bundled": true
				},
				"repeat-string": {
					"version": "1.6.1",
					"bundled": true
				},
				"resolve": {
					"version": "1.15.1",
					"bundled": true,
					"requires": {
						"path-parse": "^1.0.6"
					}
				},
				"right-align": {
					"version": "0.1.3",
					"bundled": true,
					"requires": {
						"align-text": "^0.1.1"
					}
				},
				"source-map": {
					"version": "0.4.4",
					"bundled": true,
					"requires": {
						"amdefine": ">=0.0.4"
					}
				},
				"to-fast-properties": {
					"version": "1.0.3",
					"bundled": true
				},
				"token-stream": {
					"version": "0.0.1",
					"bundled": true
				},
				"uglify-js": {
					"version": "2.8.29",
					"bundled": true,
					"requires": {
						"source-map": "~0.5.1",
						"uglify-to-browserify": "~1.0.0",
						"yargs": "~3.10.0"
					},
					"dependencies": {
						"source-map": {
							"version": "0.5.7",
							"bundled": true
						}
					}
				},
				"uglify-to-browserify": {
					"version": "1.0.2",
					"bundled": true,
					"optional": true
				},
				"void-elements": {
					"version": "2.0.1",
					"bundled": true
				},
				"window-size": {
					"version": "0.1.0",
					"bundled": true
				},
				"with": {
					"version": "5.1.1",
					"bundled": true,
					"requires": {
						"acorn": "^3.1.0",
						"acorn-globals": "^3.0.0"
					}
				},
				"wordwrap": {
					"version": "0.0.2",
					"bundled": true
				},
				"yargs": {
					"version": "3.10.0",
					"bundled": true,
					"requires": {
						"camelcase": "^1.0.2",
						"cliui": "^2.1.0",
						"decamelize": "^1.0.0",
						"window-size": "0.1.0"
					}
				}
			}
		}
	}
}
